
Microsoft Visual Studio Solution File, Format Version 12.00
# Visual Studio 15
VisualStudioVersion = 15.0.28307.271
MinimumVisualStudioVersion = 10.0.40219.1
Project("{9A19103F-16F7-4668-BE54-9A1E7A4F7556}") = "1) Collection vs. Provider", "DevTease.DI.CollectionVsProvider\1) Collection vs. Provider.csproj", "{CB893E09-F123-4C27-96FE-C117F1753B5E}"
EndProject
Project("{9A19103F-16F7-4668-BE54-9A1E7A4F7556}") = "2) Lifetimes", "DevTease.DI.Lifetimes\2) Lifetimes.csproj", "{3AAD6900-AFA9-4C1C-8D8C-59E0B03E4115}"
EndProject
Project("{9A19103F-16F7-4668-BE54-9A1E7A4F7556}") = "3) Scopes", "DevTease.DI.Scopes\3) Scopes.csproj", "{92906F00-EFE0-40FD-8BBD-7DB297E15BD4}"
EndProject
Project("{9A19103F-16F7-4668-BE54-9A1E7A4F7556}") = "4) Activation", "DevTease.DI.Activation\4) Activation.csproj", "{F0C04DCC-DA18-4148-BA3F-AB64C7290454}"
EndProject
Project("{2150E333-8FDC-42A3-9474-1A3956D46DE8}") = "Solution Items", "Solution Items", "{521B404E-B25B-4ACB-859F-EA3F761767FC}"
	ProjectSection(SolutionItems) = preProject
		RELATED-MATERIAL.md = RELATED-MATERIAL.md
	EndProjectSection
EndProject
Global
	GlobalSection(SolutionConfigurationPlatforms) = preSolution
		Debug|Any CPU = Debug|Any CPU
		Release|Any CPU = Release|Any CPU
	EndGlobalSection
	GlobalSection(ProjectConfigurationPlatforms) = postSolution
		{CB893E09-F123-4C27-96FE-C117F1753B5E}.Debug|Any CPU.ActiveCfg = Debug|Any CPU
		{CB893E09-F123-4C27-96FE-C117F1753B5E}.Debug|Any CPU.Build.0 = Debug|Any CPU
		{CB893E09-F123-4C27-96FE-C117F1753B5E}.Release|Any CPU.ActiveCfg = Release|Any CPU
		{CB893E09-F123-4C27-96FE-C117F1753B5E}.Release|Any CPU.Build.0 = Release|Any CPU
		{3AAD6900-AFA9-4C1C-8D8C-59E0B03E4115}.Debug|Any CPU.ActiveCfg = Debug|Any CPU
		{3AAD6900-AFA9-4C1C-8D8C-59E0B03E4115}.Debug|Any CPU.Build.0 = Debug|Any CPU
		{3AAD6900-AFA9-4C1C-8D8C-59E0B03E4115}.Release|Any CPU.ActiveCfg = Release|Any CPU
		{3AAD6900-AFA9-4C1C-8D8C-59E0B03E4115}.Release|Any CPU.Build.0 = Release|Any CPU
		{92906F00-EFE0-40FD-8BBD-7DB297E15BD4}.Debug|Any CPU.ActiveCfg = Debug|Any CPU
		{92906F00-EFE0-40FD-8BBD-7DB297E15BD4}.Debug|Any CPU.Build.0 = Debug|Any CPU
		{92906F00-EFE0-40FD-8BBD-7DB297E15BD4}.Release|Any CPU.ActiveCfg = Release|Any CPU
		{92906F00-EFE0-40FD-8BBD-7DB297E15BD4}.Release|Any CPU.Build.0 = Release|Any CPU
		{F0C04DCC-DA18-4148-BA3F-AB64C7290454}.Debug|Any CPU.ActiveCfg = Debug|Any CPU
		{F0C04DCC-DA18-4148-BA3F-AB64C7290454}.Debug|Any CPU.Build.0 = Debug|Any CPU
		{F0C04DCC-DA18-4148-BA3F-AB64C7290454}.Release|Any CPU.ActiveCfg = Release|Any CPU
		{F0C04DCC-DA18-4148-BA3F-AB64C7290454}.Release|Any CPU.Build.0 = Release|Any CPU
	EndGlobalSection
	GlobalSection(SolutionProperties) = preSolution
		HideSolutionNode = FALSE
	EndGlobalSection
	GlobalSection(ExtensibilityGlobals) = postSolution
		SolutionGuid = {007CB639-95E9-4896-A247-D850C1A49A98}
	EndGlobalSection
EndGlobal
